{
  "lockfileVersion": 2,
  "configVersion": 1,
  "workspaces": {
    "": {
      "name": "nvim-bun-dap",
      "dependencies": {
        "@vscode/debugadapter": "^1.68.0",
        "semver": "^7.5.4",
        "source-map-js": "^1.0.2",
        "ws": "^8.18.3",
      },
    },
  },
  "packages": {
    "@vscode/debugadapter": ["@vscode/debugadapter@1.68.0", "", { "dependencies": { "@vscode/debugprotocol": "1.68.0" } }, "sha512-D6gk5Fw2y4FV8oYmltoXpj+VAZexxJFopN/mcZ6YcgzQE9dgq2L45Aj3GLxScJOD6GeLILcxJIaA8l3v11esGg=="],

    "@vscode/debugprotocol": ["@vscode/debugprotocol@1.68.0", "", {}, "sha512-2J27dysaXmvnfuhFGhfeuxfHRXunqNPxtBoR3koiTOA9rdxWNDTa1zIFLCFMSHJ9MPTPKFcBeblsyaCJCIlQxg=="],

    "semver": ["semver@7.8.5", "", { "bin": { "semver": "bin/semver.js" } }, "sha512-Y7/KDsb8LjooZpwaqGyulO6DQlksgCncchHGk+sZIY4SBvUocMBEFH5Ur1fI4dV+Jvl0w6cjvucaIi40puRioA=="],

    "source-map-js": ["source-map-js@1.2.1", "", {}, "sha512-UXWMKhLOwVKb728IUtQPXxfYU+usdybtUrK/8uGE8CQMvrhOpwvzDBwj0QhSL7MQc7vIsISBG8VQ8+IDQxpfQA=="],

    "ws": ["ws@8.21.0", "", { "peerDependencies": { "bufferutil": "^4.0.1", "utf-8-validate": ">=5.0.2" }, "optionalPeers": ["bufferutil", "utf-8-validate"] }, "sha512-Vsp28b7DRcimFQvrqu2Wek3z1iYxDCWqHYB8Qsnk/S4RfaCQzPGPyBNuVjJV3cd6UiKtUtp6sNM77gWvzcCH+g=="],
  }
}
